
Microsoft Visual Studio Solution File, Format Version 12.00
# Visual Studio Version 16
VisualStudioVersion = 16.0.32002.261
MinimumVisualStudioVersion = 10.0.40219.1
Project("{FAE04EC0-301F-11D3-BF4B-00C04F79EFBC}") = "RAD302Week5WebAPI.S00202389", "RAD302Week5WebAPI.S00202389\RAD302Week5WebAPI.S00202389.csproj", "{1B61AD09-4A7B-4738-9713-872899991988}"
EndProject
Project("{FAE04EC0-301F-11D3-BF4B-00C04F79EFBC}") = "RAD302Week5Console.S00202389", "RAD302Week5Console.S00202389\RAD302Week5Console.S00202389.csproj", "{7D51E8B5-30F1-4428-A54D-517A5FE89450}"
EndProject
Project("{FAE04EC0-301F-11D3-BF4B-00C04F79EFBC}") = "RAD302Week5DataLayer.S00202389", "RAD302Week5DataLayer.S00202389\RAD302Week5DataLayer.S00202389.csproj", "{5D8C478A-DF66-4ED5-A1E4-3EB771E97134}"
EndProject
Project("{FAE04EC0-301F-11D3-BF4B-00C04F79EFBC}") = "RAD302Week5ClientLib.S00202389", "RAD302Week5ClientLib.S00202389\RAD302Week5ClientLib.S00202389.csproj", "{BA6E7B39-6385-411B-9518-FCB9B9E88C73}"
EndProject
Project("{FAE04EC0-301F-11D3-BF4B-00C04F79EFBC}") = "RAD302Week6BlazorClient2022.S00202389", "RAD302Week6BlazorClient2022.S00202389\RAD302Week6BlazorClient2022.S00202389.csproj", "{854131FC-E4A3-4B4F-B5A2-762E443F6A49}"
EndProject
Project("{FAE04EC0-301F-11D3-BF4B-00C04F79EFBC}") = "Rad302Week6Lab2022.DataModel.S00202389", "Rad302Week6Lab2022.DataModel.S00202389\Rad302Week6Lab2022.DataModel.S00202389.csproj", "{8E36C0E7-7BFC-40B0-B496-1711579C70B3}"
EndProject
Project("{FAE04EC0-301F-11D3-BF4B-00C04F79EFBC}") = "RAD302Week7BlazorClient.S00202389", "RAD302Week7BlazorClient.S00202389\RAD302Week7BlazorClient.S00202389.csproj", "{72927C35-EB50-4ACA-8BA8-D8348F397880}"
EndProject
Project("{9A19103F-16F7-4668-BE54-9A1E7A4F7556}") = "GenericDataService", "GenericDataService\GenericDataService.csproj", "{F2638EEA-5C5F-4B41-BA80-14931C4ACF6E}"
EndProject
Project("{9A19103F-16F7-4668-BE54-9A1E7A4F7556}") = "ProductModel", "ProductModel\ProductModel.csproj", "{ADDC5A1E-4562-471D-B62A-534C2D5E1A97}"
EndProject
Project("{9A19103F-16F7-4668-BE54-9A1E7A4F7556}") = "ProductWepAPI", "ProductWepAPI\ProductWepAPI.csproj", "{A913786B-5796-49B5-B7FE-F6CBBF0D16BE}"
EndProject
Global
	GlobalSection(SolutionConfigurationPlatforms) = preSolution
		Debug|Any CPU = Debug|Any CPU
		Release|Any CPU = Release|Any CPU
	EndGlobalSection
	GlobalSection(ProjectConfigurationPlatforms) = postSolution
		{1B61AD09-4A7B-4738-9713-872899991988}.Debug|Any CPU.ActiveCfg = Debug|Any CPU
		{1B61AD09-4A7B-4738-9713-872899991988}.Debug|Any CPU.Build.0 = Debug|Any CPU
		{1B61AD09-4A7B-4738-9713-872899991988}.Release|Any CPU.ActiveCfg = Release|Any CPU
		{1B61AD09-4A7B-4738-9713-872899991988}.Release|Any CPU.Build.0 = Release|Any CPU
		{7D51E8B5-30F1-4428-A54D-517A5FE89450}.Debug|Any CPU.ActiveCfg = Debug|Any CPU
		{7D51E8B5-30F1-4428-A54D-517A5FE89450}.Debug|Any CPU.Build.0 = Debug|Any CPU
		{7D51E8B5-30F1-4428-A54D-517A5FE89450}.Release|Any CPU.ActiveCfg = Release|Any CPU
		{7D51E8B5-30F1-4428-A54D-517A5FE89450}.Release|Any CPU.Build.0 = Release|Any CPU
		{5D8C478A-DF66-4ED5-A1E4-3EB771E97134}.Debug|Any CPU.ActiveCfg = Debug|Any CPU
		{5D8C478A-DF66-4ED5-A1E4-3EB771E97134}.Debug|Any CPU.Build.0 = Debug|Any CPU
		{5D8C478A-DF66-4ED5-A1E4-3EB771E97134}.Release|Any CPU.ActiveCfg = Release|Any CPU
		{5D8C478A-DF66-4ED5-A1E4-3EB771E97134}.Release|Any CPU.Build.0 = Release|Any CPU
		{BA6E7B39-6385-411B-9518-FCB9B9E88C73}.Debug|Any CPU.ActiveCfg = Debug|Any CPU
		{BA6E7B39-6385-411B-9518-FCB9B9E88C73}.Debug|Any CPU.Build.0 = Debug|Any CPU
		{BA6E7B39-6385-411B-9518-FCB9B9E88C73}.Release|Any CPU.ActiveCfg = Release|Any CPU
		{BA6E7B39-6385-411B-9518-FCB9B9E88C73}.Release|Any CPU.Build.0 = Release|Any CPU
		{854131FC-E4A3-4B4F-B5A2-762E443F6A49}.Debug|Any CPU.ActiveCfg = Debug|Any CPU
		{854131FC-E4A3-4B4F-B5A2-762E443F6A49}.Debug|Any CPU.Build.0 = Debug|Any CPU
		{854131FC-E4A3-4B4F-B5A2-762E443F6A49}.Release|Any CPU.ActiveCfg = Release|Any CPU
		{854131FC-E4A3-4B4F-B5A2-762E443F6A49}.Release|Any CPU.Build.0 = Release|Any CPU
		{8E36C0E7-7BFC-40B0-B496-1711579C70B3}.Debug|Any CPU.ActiveCfg = Debug|Any CPU
		{8E36C0E7-7BFC-40B0-B496-1711579C70B3}.Debug|Any CPU.Build.0 = Debug|Any CPU
		{8E36C0E7-7BFC-40B0-B496-1711579C70B3}.Release|Any CPU.ActiveCfg = Release|Any CPU
		{8E36C0E7-7BFC-40B0-B496-1711579C70B3}.Release|Any CPU.Build.0 = Release|Any CPU
		{72927C35-EB50-4ACA-8BA8-D8348F397880}.Debug|Any CPU.ActiveCfg = Debug|Any CPU
		{72927C35-EB50-4ACA-8BA8-D8348F397880}.Debug|Any CPU.Build.0 = Debug|Any CPU
		{72927C35-EB50-4ACA-8BA8-D8348F397880}.Release|Any CPU.ActiveCfg = Release|Any CPU
		{72927C35-EB50-4ACA-8BA8-D8348F397880}.Release|Any CPU.Build.0 = Release|Any CPU
		{F2638EEA-5C5F-4B41-BA80-14931C4ACF6E}.Debug|Any CPU.ActiveCfg = Debug|Any CPU
		{F2638EEA-5C5F-4B41-BA80-14931C4ACF6E}.Debug|Any CPU.Build.0 = Debug|Any CPU
		{F2638EEA-5C5F-4B41-BA80-14931C4ACF6E}.Release|Any CPU.ActiveCfg = Release|Any CPU
		{F2638EEA-5C5F-4B41-BA80-14931C4ACF6E}.Release|Any CPU.Build.0 = Release|Any CPU
		{ADDC5A1E-4562-471D-B62A-534C2D5E1A97}.Debug|Any CPU.ActiveCfg = Debug|Any CPU
		{ADDC5A1E-4562-471D-B62A-534C2D5E1A97}.Debug|Any CPU.Build.0 = Debug|Any CPU
		{ADDC5A1E-4562-471D-B62A-534C2D5E1A97}.Release|Any CPU.ActiveCfg = Release|Any CPU
		{ADDC5A1E-4562-471D-B62A-534C2D5E1A97}.Release|Any CPU.Build.0 = Release|Any CPU
		{A913786B-5796-49B5-B7FE-F6CBBF0D16BE}.Debug|Any CPU.ActiveCfg = Debug|Any CPU
		{A913786B-5796-49B5-B7FE-F6CBBF0D16BE}.Debug|Any CPU.Build.0 = Debug|Any CPU
		{A913786B-5796-49B5-B7FE-F6CBBF0D16BE}.Release|Any CPU.ActiveCfg = Release|Any CPU
		{A913786B-5796-49B5-B7FE-F6CBBF0D16BE}.Release|Any CPU.Build.0 = Release|Any CPU
	EndGlobalSection
	GlobalSection(SolutionProperties) = preSolution
		HideSolutionNode = FALSE
	EndGlobalSection
	GlobalSection(ExtensibilityGlobals) = postSolution
		SolutionGuid = {B1FE1CC4-14F0-4B57-A7E6-496EBF1A935A}
	EndGlobalSection
EndGlobal
